
Microsoft Visual Studio Solution File, Format Version 12.00
# Visual Studio Version 17
VisualStudioVersion = 17.3.32929.385
MinimumVisualStudioVersion = 10.0.40219.1
Project("{FAE04EC0-301F-11D3-BF4B-00C04F79EFBC}") = "Revisao", "Revisao\Revisao.csproj", "{3DF625F3-CDEA-42B8-AB59-03DC5AAEE44A}"
EndProject
Project("{FAE04EC0-301F-11D3-BF4B-00C04F79EFBC}") = "Models", "Models\Models.csproj", "{0D69E747-7190-4AAF-9923-E1065543280C}"
EndProject
Project("{FAE04EC0-301F-11D3-BF4B-00C04F79EFBC}") = "DAL", "DAL\DAL.csproj", "{DCBDF3CC-160A-46C1-9B2C-A78C2F8506D2}"
EndProject
Project("{FAE04EC0-301F-11D3-BF4B-00C04F79EFBC}") = "BLL", "BLL\BLL.csproj", "{4AEDCDD5-1C59-427C-B8C1-456F0C534CA9}"
EndProject
Global
	GlobalSection(SolutionConfigurationPlatforms) = preSolution
		Debug|Any CPU = Debug|Any CPU
		Release|Any CPU = Release|Any CPU
	EndGlobalSection
	GlobalSection(ProjectConfigurationPlatforms) = postSolution
		{3DF625F3-CDEA-42B8-AB59-03DC5AAEE44A}.Debug|Any CPU.ActiveCfg = Debug|Any CPU
		{3DF625F3-CDEA-42B8-AB59-03DC5AAEE44A}.Debug|Any CPU.Build.0 = Debug|Any CPU
		{3DF625F3-CDEA-42B8-AB59-03DC5AAEE44A}.Release|Any CPU.ActiveCfg = Release|Any CPU
		{3DF625F3-CDEA-42B8-AB59-03DC5AAEE44A}.Release|Any CPU.Build.0 = Release|Any CPU
		{0D69E747-7190-4AAF-9923-E1065543280C}.Debug|Any CPU.ActiveCfg = Debug|Any CPU
		{0D69E747-7190-4AAF-9923-E1065543280C}.Debug|Any CPU.Build.0 = Debug|Any CPU
		{0D69E747-7190-4AAF-9923-E1065543280C}.Release|Any CPU.ActiveCfg = Release|Any CPU
		{0D69E747-7190-4AAF-9923-E1065543280C}.Release|Any CPU.Build.0 = Release|Any CPU
		{DCBDF3CC-160A-46C1-9B2C-A78C2F8506D2}.Debug|Any CPU.ActiveCfg = Debug|Any CPU
		{DCBDF3CC-160A-46C1-9B2C-A78C2F8506D2}.Debug|Any CPU.Build.0 = Debug|Any CPU
		{DCBDF3CC-160A-46C1-9B2C-A78C2F8506D2}.Release|Any CPU.ActiveCfg = Release|Any CPU
		{DCBDF3CC-160A-46C1-9B2C-A78C2F8506D2}.Release|Any CPU.Build.0 = Release|Any CPU
		{4AEDCDD5-1C59-427C-B8C1-456F0C534CA9}.Debug|Any CPU.ActiveCfg = Debug|Any CPU
		{4AEDCDD5-1C59-427C-B8C1-456F0C534CA9}.Debug|Any CPU.Build.0 = Debug|Any CPU
		{4AEDCDD5-1C59-427C-B8C1-456F0C534CA9}.Release|Any CPU.ActiveCfg = Release|Any CPU
		{4AEDCDD5-1C59-427C-B8C1-456F0C534CA9}.Release|Any CPU.Build.0 = Release|Any CPU
	EndGlobalSection
	GlobalSection(SolutionProperties) = preSolution
		HideSolutionNode = FALSE
	EndGlobalSection
	GlobalSection(ExtensibilityGlobals) = postSolution
		SolutionGuid = {DB607A82-7F60-4AC7-A2BB-FBEE04BED484}
	EndGlobalSection
EndGlobal
